// !$*UTF8*$!
{
	archiveVersion = 1;
	classes = {
	};
	objectVersion = 56;
	objects = {

/* Begin PBXBuildFile section */
		CCFB511B29AFB86600DC77D0 /* FirstTankAppApp.swift in Sources */ = {isa = PBXBuildFile; fileRef = CCFB511A29AFB86600DC77D0 /* FirstTankAppApp.swift */; };
		CCFB511D29AFB86600DC77D0 /* ContentView.swift in Sources */ = {isa = PBXBuildFile; fileRef = CCFB511C29AFB86600DC77D0 /* ContentView.swift */; };
		CCFB511F29AFB86700DC77D0 /* Assets.xcassets in Resources */ = {isa = PBXBuildFile; fileRef = CCFB511E29AFB86700DC77D0 /* Assets.xcassets */; };
		CCFB512229AFB86700DC77D0 /* Preview Assets.xcassets in Resources */ = {isa = PBXBuildFile; fileRef = CCFB512129AFB86700DC77D0 /* Preview Assets.xcassets */; };
		CCFB512C29AFB86800DC77D0 /* FirstTankAppTests.swift in Sources */ = {isa = PBXBuildFile; fileRef = CCFB512B29AFB86800DC77D0 /* FirstTankAppTests.swift */; };
		CCFB513629AFB86800DC77D0 /* FirstTankAppUITests.swift in Sources */ = {isa = PBXBuildFile; fileRef = CCFB513529AFB86800DC77D0 /* FirstTankAppUITests.swift */; };
		CCFB513829AFB86800DC77D0 /* FirstTankAppUITestsLaunchTests.swift in Sources */ = {isa = PBXBuildFile; fileRef = CCFB513729AFB86800DC77D0 /* FirstTankAppUITestsLaunchTests.swift */; };
/* End PBXBuildFile section */

/* Begin PBXContainerItemProxy section */
		CCFB512829AFB86800DC77D0 /* PBXContainerItemProxy */ = {
			isa = PBXContainerItemProxy;
			containerPortal = CCFB510F29AFB86600DC77D0 /* Project object */;
			proxyType = 1;
			remoteGlobalIDString = CCFB511629AFB86600DC77D0;
			remoteInfo = FirstTankApp;
		};
		CCFB513229AFB86800DC77D0 /* PBXContainerItemProxy */ = {
			isa = PBXContainerItemProxy;
			containerPortal = CCFB510F29AFB86600DC77D0 /* Project object */;
			proxyType = 1;
			remoteGlobalIDString = CCFB511629AFB86600DC77D0;
			remoteInfo = FirstTankApp;
		};
/* End PBXContainerItemProxy section */

/* Begin PBXFileReference section */
		CCFB511729AFB86600DC77D0 /* FirstTankApp.app */ = {isa = PBXFileReference; explicitFileType = wrapper.application; includeInIndex = 0; path = FirstTankApp.app; sourceTree = BUILT_PRODUCTS_DIR; };
		CCFB511A29AFB86600DC77D0 /* FirstTankAppApp.swift */ = {isa = PBXFileReference; lastKnownFileType = sourcecode.swift; path = FirstTankAppApp.swift; sourceTree = "<group>"; };
		CCFB511C29AFB86600DC77D0 /* ContentView.swift */ = {isa = PBXFileReference; lastKnownFileType = sourcecode.swift; path = ContentView.swift; sourceTree = "<group>"; };
		CCFB511E29AFB86700DC77D0 /* Assets.xcassets */ = {isa = PBXFileReference; lastKnownFileType = folder.assetcatalog; path = Assets.xcassets; sourceTree = "<group>"; };
		CCFB512129AFB86700DC77D0 /* Preview Assets.xcassets */ = {isa = PBXFileReference; lastKnownFileType = folder.assetcatalog; path = "Preview Assets.xcassets"; sourceTree = "<group>"; };
		CCFB512729AFB86800DC77D0 /* FirstTankAppTests.xctest */ = {isa = PBXFileReference; explicitFileType = wrapper.cfbundle; includeInIndex = 0; path = FirstTankAppTests.xctest; sourceTree = BUILT_PRODUCTS_DIR; };
		CCFB512B29AFB86800DC77D0 /* FirstTankAppTests.swift */ = {isa = PBXFileReference; lastKnownFileType = sourcecode.swift; path = FirstTankAppTests.swift; sourceTree = "<group>"; };
		CCFB513129AFB86800DC77D0 /* FirstTankAppUITests.xctest */ = {isa = PBXFileReference; explicitFileType = wrapper.cfbundle; includeInIndex = 0; path = FirstTankAppUITests.xctest; sourceTree = BUILT_PRODUCTS_DIR; };
		CCFB513529AFB86800DC77D0 /* FirstTankAppUITests.swift */ = {isa = PBXFileReference; lastKnownFileType = sourcecode.swift; path = FirstTankAppUITests.swift; sourceTree = "<group>"; };
		CCFB513729AFB86800DC77D0 /* FirstTankAppUITestsLaunchTests.swift */ = {isa = PBXFileReference; lastKnownFileType = sourcecode.swift; path = FirstTankAppUITestsLaunchTests.swift; sourceTree = "<group>"; };
/* End PBXFileReference section */

/* Begin PBXFrameworksBuildPhase section */
		CCFB511429AFB86600DC77D0 /* Frameworks */ = {
			isa = PBXFrameworksBuildPhase;
			buildActionMask = 2147483647;
			files = (
			);
			runOnlyForDeploymentPostprocessing = 0;
		};
		CCFB512429AFB86800DC77D0 /* Frameworks */ = {
			isa = PBXFrameworksBuildPhase;
			buildActionMask = 2147483647;
			files = (
			);
			runOnlyForDeploymentPostprocessing = 0;
		};
		CCFB512E29AFB86800DC77D0 /* Frameworks */ = {
			isa = PBXFrameworksBuildPhase;
			buildActionMask = 2147483647;
			files = (
			);
			runOnlyForDeploymentPostprocessing = 0;
		};
/* End PBXFrameworksBuildPhase section */

/* Begin PBXGroup section */
		CCFB510E29AFB86600DC77D0 = {
			isa = PBXGroup;
			children = (
				CCFB511929AFB86600DC77D0 /* FirstTankApp */,
				CCFB512A29AFB86800DC77D0 /* FirstTankAppTests */,
				CCFB513429AFB86800DC77D0 /* FirstTankAppUITests */,
				CCFB511829AFB86600DC77D0 /* Products */,
			);
			sourceTree = "<group>";
		};
		CCFB511829AFB86600DC77D0 /* Products */ = {
			isa = PBXGroup;
			children = (
				CCFB511729AFB86600DC77D0 /* FirstTankApp.app */,
				CCFB512729AFB86800DC77D0 /* FirstTankAppTests.xctest */,
				CCFB513129AFB86800DC77D0 /* FirstTankAppUITests.xctest */,
			);
			name = Products;
			sourceTree = "<group>";
		};
		CCFB511929AFB86600DC77D0 /* FirstTankApp */ = {
			isa = PBXGroup;
			children = (
				CCFB511A29AFB86600DC77D0 /* FirstTankAppApp.swift */,
				CCFB511C29AFB86600DC77D0 /* ContentView.swift */,
				CCFB511E29AFB86700DC77D0 /* Assets.xcassets */,
				CCFB512029AFB86700DC77D0 /* Preview Content */,
			);
			path = FirstTankApp;
			sourceTree = "<group>";
		};
		CCFB512029AFB86700DC77D0 /* Preview Content */ = {
			isa = PBXGroup;
			children = (
				CCFB512129AFB86700DC77D0 /* Preview Assets.xcassets */,
			);
			path = "Preview Content";
			sourceTree = "<group>";
		};
		CCFB512A29AFB86800DC77D0 /* FirstTankAppTests */ = {
			isa = PBXGroup;
			children = (
				CCFB512B29AFB86800DC77D0 /* FirstTankAppTests.swift */,
			);
			path = FirstTankAppTests;
			sourceTree = "<group>";
		};
		CCFB513429AFB86800DC77D0 /* FirstTankAppUITests */ = {
			isa = PBXGroup;
			children = (
				CCFB513529AFB86800DC77D0 /* FirstTankAppUITests.swift */,
				CCFB513729AFB86800DC77D0 /* FirstTankAppUITestsLaunchTests.swift */,
			);
			path = FirstTankAppUITests;
			sourceTree = "<group>";
		};
/* End PBXGroup section */

/* Begin PBXNativeTarget section */
		CCFB511629AFB86600DC77D0 /* FirstTankApp */ = {
			isa = PBXNativeTarget;
			buildConfigurationList = CCFB513B29AFB86800DC77D0 /* Build configuration list for PBXNativeTarget "FirstTankApp" */;
			buildPhases = (
				CCFB511329AFB86600DC77D0 /* Sources */,
				CCFB511429AFB86600DC77D0 /* Frameworks */,
				CCFB511529AFB86600DC77D0 /* Resources */,
			);
			buildRules = (
			);
			dependencies = (
			);
			name = FirstTankApp;
			productName = FirstTankApp;
			productReference = CCFB511729AFB86600DC77D0 /* FirstTankApp.app */;
			productType = "com.apple.product-type.application";
		};
		CCFB512629AFB86800DC77D0 /* FirstTankAppTests */ = {
			isa = PBXNativeTarget;
			buildConfigurationList = CCFB513E29AFB86800DC77D0 /* Build configuration list for PBXNativeTarget "FirstTankAppTests" */;
			buildPhases = (
				CCFB512329AFB86800DC77D0 /* Sources */,
				CCFB512429AFB86800DC77D0 /* Frameworks */,
				CCFB512529AFB86800DC77D0 /* Resources */,
			);
			buildRules = (
			);
			dependencies = (
				CCFB512929AFB86800DC77D0 /* PBXTargetDependency */,
			);
			name = FirstTankAppTests;
			productName = FirstTankAppTests;
			productReference = CCFB512729AFB86800DC77D0 /* FirstTankAppTests.xctest */;
			productType = "com.apple.product-type.bundle.unit-test";
		};
		CCFB513029AFB86800DC77D0 /* FirstTankAppUITests */ = {
			isa = PBXNativeTarget;
			buildConfigurationList = CCFB514129AFB86800DC77D0 /* Build configuration list for PBXNativeTarget "FirstTankAppUITests" */;
			buildPhases = (
				CCFB512D29AFB86800DC77D0 /* Sources */,
				CCFB512E29AFB86800DC77D0 /* Frameworks */,
				CCFB512F29AFB86800DC77D0 /* Resources */,
			);
			buildRules = (
			);
			dependencies = (
				CCFB513329AFB86800DC77D0 /* PBXTargetDependency */,
			);
			name = FirstTankAppUITests;
			productName = FirstTankAppUITests;
			productReference = CCFB513129AFB86800DC77D0 /* FirstTankAppUITests.xctest */;
			productType = "com.apple.product-type.bundle.ui-testing";
		};
/* End PBXNativeTarget section */

/* Begin PBXProject section */
		CCFB510F29AFB86600DC77D0 /* Project object */ = {
			isa = PBXProject;
			attributes = {
				BuildIndependentTargetsInParallel = 1;
				LastSwiftUpdateCheck = 1420;
				LastUpgradeCheck = 1420;
				TargetAttributes = {
					CCFB511629AFB86600DC77D0 = {
						CreatedOnToolsVersion = 14.2;
					};
					CCFB512629AFB86800DC77D0 = {
						CreatedOnToolsVersion = 14.2;
						TestTargetID = CCFB511629AFB86600DC77D0;
					};
					CCFB513029AFB86800DC77D0 = {
						CreatedOnToolsVersion = 14.2;
						TestTargetID = CCFB511629AFB86600DC77D0;
					};
				};
			};
			buildConfigurationList = CCFB511229AFB86600DC77D0 /* Build configuration list for PBXProject "FirstTankApp" */;
			compatibilityVersion = "Xcode 14.0";
			developmentRegion = en;
			hasScannedForEncodings = 0;
			knownRegions = (
				en,
				Base,
			);
			mainGroup = CCFB510E29AFB86600DC77D0;
			productRefGroup = CCFB511829AFB86600DC77D0 /* Products */;
			projectDirPath = "";
			projectRoot = "";
			targets = (
				CCFB511629AFB86600DC77D0 /* FirstTankApp */,
				CCFB512629AFB86800DC77D0 /* FirstTankAppTests */,
				CCFB513029AFB86800DC77D0 /* FirstTankAppUITests */,
			);
		};
/* End PBXProject section */

/* Begin PBXResourcesBuildPhase section */
		CCFB511529AFB86600DC77D0 /* Resources */ = {
			isa = PBXResourcesBuildPhase;
			buildActionMask = 2147483647;
			files = (
				CCFB512229AFB86700DC77D0 /* Preview Assets.xcassets in Resources */,
				CCFB511F29AFB86700DC77D0 /* Assets.xcassets in Resources */,
			);
			runOnlyForDeploymentPostprocessing = 0;
		};
		CCFB512529AFB86800DC77D0 /* Resources */ = {
			isa = PBXResourcesBuildPhase;
			buildActionMask = 2147483647;
			files = (
			);
			runOnlyForDeploymentPostprocessing = 0;
		};
		CCFB512F29AFB86800DC77D0 /* Resources */ = {
			isa = PBXResourcesBuildPhase;
			buildActionMask = 2147483647;
			files = (
			);
			runOnlyForDeploymentPostprocessing = 0;
		};
/* End PBXResourcesBuildPhase section */

/* Begin PBXSourcesBuildPhase section */
		CCFB511329AFB86600DC77D0 /* Sources */ = {
			isa = PBXSourcesBuildPhase;
			buildActionMask = 2147483647;
			files = (
				CCFB511D29AFB86600DC77D0 /* ContentView.swift in Sources */,
				CCFB511B29AFB86600DC77D0 /* FirstTankAppApp.swift in Sources */,
			);
			runOnlyForDeploymentPostprocessing = 0;
		};
		CCFB512329AFB86800DC77D0 /* Sources */ = {
			isa = PBXSourcesBuildPhase;
			buildActionMask = 2147483647;
			files = (
				CCFB512C29AFB86800DC77D0 /* FirstTankAppTests.swift in Sources */,
			);
			runOnlyForDeploymentPostprocessing = 0;
		};
		CCFB512D29AFB86800DC77D0 /* Sources */ = {
			isa = PBXSourcesBuildPhase;
			buildActionMask = 2147483647;
			files = (
				CCFB513629AFB86800DC77D0 /* FirstTankAppUITests.swift in Sources */,
				CCFB513829AFB86800DC77D0 /* FirstTankAppUITestsLaunchTests.swift in Sources */,
			);
			runOnlyForDeploymentPostprocessing = 0;
		};
/* End PBXSourcesBuildPhase section */

/* Begin PBXTargetDependency section */
		CCFB512929AFB86800DC77D0 /* PBXTargetDependency */ = {
			isa = PBXTargetDependency;
			target = CCFB511629AFB86600DC77D0 /* FirstTankApp */;
			targetProxy = CCFB512829AFB86800DC77D0 /* PBXContainerItemProxy */;
		};
		CCFB513329AFB86800DC77D0 /* PBXTargetDependency */ = {
			isa = PBXTargetDependency;
			target = CCFB511629AFB86600DC77D0 /* FirstTankApp */;
			targetProxy = CCFB513229AFB86800DC77D0 /* PBXContainerItemProxy */;
		};
/* End PBXTargetDependency section */

/* Begin XCBuildConfiguration section */
		CCFB513929AFB86800DC77D0 /* Debug */ = {
			isa = XCBuildConfiguration;
			buildSettings = {
				ALWAYS_SEARCH_USER_PATHS = NO;
				CLANG_ANALYZER_NONNULL = YES;
				CLANG_ANALYZER_NUMBER_OBJECT_CONVERSION = YES_AGGRESSIVE;
				CLANG_CXX_LANGUAGE_STANDARD = "gnu++20";
				CLANG_ENABLE_MODULES = YES;
				CLANG_ENABLE_OBJC_ARC = YES;
				CLANG_ENABLE_OBJC_WEAK = YES;
				CLANG_WARN_BLOCK_CAPTURE_AUTORELEASING = YES;
				CLANG_WARN_BOOL_CONVERSION = YES;
				CLANG_WARN_COMMA = YES;
				CLANG_WARN_CONSTANT_CONVERSION = YES;
				CLANG_WARN_DEPRECATED_OBJC_IMPLEMENTATIONS = YES;
				CLANG_WARN_DIRECT_OBJC_ISA_USAGE = YES_ERROR;
				CLANG_WARN_DOCUMENTATION_COMMENTS = YES;
				CLANG_WARN_EMPTY_BODY = YES;
				CLANG_WARN_ENUM_CONVERSION = YES;
				CLANG_WARN_INFINITE_RECURSION = YES;
				CLANG_WARN_INT_CONVERSION = YES;
				CLANG_WARN_NON_LITERAL_NULL_CONVERSION = YES;
				CLANG_WARN_OBJC_IMPLICIT_RETAIN_SELF = YES;
				CLANG_WARN_OBJC_LITERAL_CONVERSION = YES;
				CLANG_WARN_OBJC_ROOT_CLASS = YES_ERROR;
				CLANG_WARN_QUOTED_INCLUDE_IN_FRAMEWORK_HEADER = YES;
				CLANG_WARN_RANGE_LOOP_ANALYSIS = YES;
				CLANG_WARN_STRICT_PROTOTYPES = YES;
				CLANG_WARN_SUSPICIOUS_MOVE = YES;
				CLANG_WARN_UNGUARDED_AVAILABILITY = YES_AGGRESSIVE;
				CLANG_WARN_UNREACHABLE_CODE = YES;
				CLANG_WARN__DUPLICATE_METHOD_MATCH = YES;
				COPY_PHASE_STRIP = NO;
				DEBUG_INFORMATION_FORMAT = dwarf;
				ENABLE_STRICT_OBJC_MSGSEND = YES;
				ENABLE_TESTABILITY = YES;
				GCC_C_LANGUAGE_STANDARD = gnu11;
				GCC_DYNAMIC_NO_PIC = NO;
				GCC_NO_COMMON_BLOCKS = YES;
				GCC_OPTIMIZATION_LEVEL = 0;
				GCC_PREPROCESSOR_DEFINITIONS = (
					"DEBUG=1",
					"$(inherited)",
				);
				GCC_WARN_64_TO_32_BIT_CONVERSION = YES;
				GCC_WARN_ABOUT_RETURN_TYPE = YES_ERROR;
				GCC_WARN_UNDECLARED_SELECTOR = YES;
				GCC_WARN_UNINITIALIZED_AUTOS = YES_AGGRESSIVE;
				GCC_WARN_UNUSED_FUNCTION = YES;
				GCC_WARN_UNUSED_VARIABLE = YES;
				IPHONEOS_DEPLOYMENT_TARGET = 16.2;
				MTL_ENABLE_DEBUG_INFO = INCLUDE_SOURCE;
				MTL_FAST_MATH = YES;
				ONLY_ACTIVE_ARCH = YES;
				SDKROOT = iphoneos;
				SWIFT_ACTIVE_COMPILATION_CONDITIONS = DEBUG;
				SWIFT_OPTIMIZATION_LEVEL = "-Onone";
			};
			name = Debug;
		};
		CCFB513A29AFB86800DC77D0 /* Release */ = {
			isa = XCBuildConfiguration;
			buildSettings = {
				ALWAYS_SEARCH_USER_PATHS = NO;
				CLANG_ANALYZER_NONNULL = YES;
				CLANG_ANALYZER_NUMBER_OBJECT_CONVERSION = YES_AGGRESSIVE;
				CLANG_CXX_LANGUAGE_STANDARD = "gnu++20";
				CLANG_ENABLE_MODULES = YES;
				CLANG_ENABLE_OBJC_ARC = YES;
				CLANG_ENABLE_OBJC_WEAK = YES;
				CLANG_WARN_BLOCK_CAPTURE_AUTORELEASING = YES;
				CLANG_WARN_BOOL_CONVERSION = YES;
				CLANG_WARN_COMMA = YES;
				CLANG_WARN_CONSTANT_CONVERSION = YES;
				CLANG_WARN_DEPRECATED_OBJC_IMPLEMENTATIONS = YES;
				CLANG_WARN_DIRECT_OBJC_ISA_USAGE = YES_ERROR;
				CLANG_WARN_DOCUMENTATION_COMMENTS = YES;
				CLANG_WARN_EMPTY_BODY = YES;
				CLANG_WARN_ENUM_CONVERSION = YES;
				CLANG_WARN_INFINITE_RECURSION = YES;
				CLANG_WARN_INT_CONVERSION = YES;
				CLANG_WARN_NON_LITERAL_NULL_CONVERSION = YES;
				CLANG_WARN_OBJC_IMPLICIT_RETAIN_SELF = YES;
				CLANG_WARN_OBJC_LITERAL_CONVERSION = YES;
				CLANG_WARN_OBJC_ROOT_CLASS = YES_ERROR;
				CLANG_WARN_QUOTED_INCLUDE_IN_FRAMEWORK_HEADER = YES;
				CLANG_WARN_RANGE_LOOP_ANALYSIS = YES;
				CLANG_WARN_STRICT_PROTOTYPES = YES;
				CLANG_WARN_SUSPICIOUS_MOVE = YES;
				CLANG_WARN_UNGUARDED_AVAILABILITY = YES_AGGRESSIVE;
				CLANG_WARN_UNREACHABLE_CODE = YES;
				CLANG_WARN__DUPLICATE_METHOD_MATCH = YES;
				COPY_PHASE_STRIP = NO;
				DEBUG_INFORMATION_FORMAT = "dwarf-with-dsym";
				ENABLE_NS_ASSERTIONS = NO;
				ENABLE_STRICT_OBJC_MSGSEND = YES;
				GCC_C_LANGUAGE_STANDARD = gnu11;
				GCC_NO_COMMON_BLOCKS = YES;
				GCC_WARN_64_TO_32_BIT_CONVERSION = YES;
				GCC_WARN_ABOUT_RETURN_TYPE = YES_ERROR;
				GCC_WARN_UNDECLARED_SELECTOR = YES;
				GCC_WARN_UNINITIALIZED_AUTOS = YES_AGGRESSIVE;
				GCC_WARN_UNUSED_FUNCTION = YES;
				GCC_WARN_UNUSED_VARIABLE = YES;
				IPHONEOS_DEPLOYMENT_TARGET = 16.2;
				MTL_ENABLE_DEBUG_INFO = NO;
				MTL_FAST_MATH = YES;
				SDKROOT = iphoneos;
				SWIFT_COMPILATION_MODE = wholemodule;
				SWIFT_OPTIMIZATION_LEVEL = "-O";
				VALIDATE_PRODUCT = YES;
			};
			name = Release;
		};
		CCFB513C29AFB86800DC77D0 /* Debug */ = {
			isa = XCBuildConfiguration;
			buildSettings = {
				ASSETCATALOG_COMPILER_APPICON_NAME = AppIcon;
				ASSETCATALOG_COMPILER_GLOBAL_ACCENT_COLOR_NAME = AccentColor;
				CODE_SIGN_STYLE = Automatic;
				CURRENT_PROJECT_VERSION = 1;
				DEVELOPMENT_ASSET_PATHS = "\"FirstTankApp/Preview Content\"";
				DEVELOPMENT_TEAM = K5F456SABT;
				ENABLE_PREVIEWS = YES;
				GENERATE_INFOPLIST_FILE = YES;
				INFOPLIST_KEY_UIApplicationSceneManifest_Generation = YES;
				INFOPLIST_KEY_UIApplicationSupportsIndirectInputEvents = YES;
				INFOPLIST_KEY_UILaunchScreen_Generation = YES;
				INFOPLIST_KEY_UISupportedInterfaceOrientations_iPad = "UIInterfaceOrientationPortrait UIInterfaceOrientationPortraitUpsideDown UIInterfaceOrientationLandscapeLeft UIInterfaceOrientationLandscapeRight";
				INFOPLIST_KEY_UISupportedInterfaceOrientations_iPhone = "UIInterfaceOrientationPortrait UIInterfaceOrientationLandscapeLeft UIInterfaceOrientationLandscapeRight";
				LD_RUNPATH_SEARCH_PATHS = (
					"$(inherited)",
					"@executable_path/Frameworks",
				);
				MARKETING_VERSION = 1.0;
				PRODUCT_BUNDLE_IDENTIFIER = com.jobroloff.FirstTankApp;
				PRODUCT_NAME = "$(TARGET_NAME)";
				SWIFT_EMIT_LOC_STRINGS = YES;
				SWIFT_VERSION = 5.0;
				TARGETED_DEVICE_FAMILY = "1,2";
			};
			name = Debug;
		};
		CCFB513D29AFB86800DC77D0 /* Release */ = {
			isa = XCBuildConfiguration;
			buildSettings = {
				ASSETCATALOG_COMPILER_APPICON_NAME = AppIcon;
				ASSETCATALOG_COMPILER_GLOBAL_ACCENT_COLOR_NAME = AccentColor;
				CODE_SIGN_STYLE = Automatic;
				CURRENT_PROJECT_VERSION = 1;
				DEVELOPMENT_ASSET_PATHS = "\"FirstTankApp/Preview Content\"";
				DEVELOPMENT_TEAM = K5F456SABT;
				ENABLE_PREVIEWS = YES;
				GENERATE_INFOPLIST_FILE = YES;
				INFOPLIST_KEY_UIApplicationSceneManifest_Generation = YES;
				INFOPLIST_KEY_UIApplicationSupportsIndirectInputEvents = YES;
				INFOPLIST_KEY_UILaunchScreen_Generation = YES;
				INFOPLIST_KEY_UISupportedInterfaceOrientations_iPad = "UIInterfaceOrientationPortrait UIInterfaceOrientationPortraitUpsideDown UIInterfaceOrientationLandscapeLeft UIInterfaceOrientationLandscapeRight";
				INFOPLIST_KEY_UISupportedInterfaceOrientations_iPhone = "UIInterfaceOrientationPortrait UIInterfaceOrientationLandscapeLeft UIInterfaceOrientationLandscapeRight";
				LD_RUNPATH_SEARCH_PATHS = (
					"$(inherited)",
					"@executable_path/Frameworks",
				);
				MARKETING_VERSION = 1.0;
				PRODUCT_BUNDLE_IDENTIFIER = com.jobroloff.FirstTankApp;
				PRODUCT_NAME = "$(TARGET_NAME)";
				SWIFT_EMIT_LOC_STRINGS = YES;
				SWIFT_VERSION = 5.0;
				TARGETED_DEVICE_FAMILY = "1,2";
			};
			name = Release;
		};
		CCFB513F29AFB86800DC77D0 /* Debug */ = {
			isa = XCBuildConfiguration;
			buildSettings = {
				ALWAYS_EMBED_SWIFT_STANDARD_LIBRARIES = YES;
				BUNDLE_LOADER = "$(TEST_HOST)";
				CODE_SIGN_STYLE = Automatic;
				CURRENT_PROJECT_VERSION = 1;
				DEVELOPMENT_TEAM = K5F456SABT;
				GENERATE_INFOPLIST_FILE = YES;
				IPHONEOS_DEPLOYMENT_TARGET = 16.2;
				MARKETING_VERSION = 1.0;
				PRODUCT_BUNDLE_IDENTIFIER = com.jobroloff.FirstTankAppTests;
				PRODUCT_NAME = "$(TARGET_NAME)";
				SWIFT_EMIT_LOC_STRINGS = NO;
				SWIFT_VERSION = 5.0;
				TARGETED_DEVICE_FAMILY = "1,2";
				TEST_HOST = "$(BUILT_PRODUCTS_DIR)/FirstTankApp.app/$(BUNDLE_EXECUTABLE_FOLDER_PATH)/FirstTankApp";
			};
			name = Debug;
		};
		CCFB514029AFB86800DC77D0 /* Release */ = {
			isa = XCBuildConfiguration;
			buildSettings = {
				ALWAYS_EMBED_SWIFT_STANDARD_LIBRARIES = YES;
				BUNDLE_LOADER = "$(TEST_HOST)";
				CODE_SIGN_STYLE = Automatic;
				CURRENT_PROJECT_VERSION = 1;
				DEVELOPMENT_TEAM = K5F456SABT;
				GENERATE_INFOPLIST_FILE = YES;
				IPHONEOS_DEPLOYMENT_TARGET = 16.2;
				MARKETING_VERSION = 1.0;
				PRODUCT_BUNDLE_IDENTIFIER = com.jobroloff.FirstTankAppTests;
				PRODUCT_NAME = "$(TARGET_NAME)";
				SWIFT_EMIT_LOC_STRINGS = NO;
				SWIFT_VERSION = 5.0;
				TARGETED_DEVICE_FAMILY = "1,2";
				TEST_HOST = "$(BUILT_PRODUCTS_DIR)/FirstTankApp.app/$(BUNDLE_EXECUTABLE_FOLDER_PATH)/FirstTankApp";
			};
			name = Release;
		};
		CCFB514229AFB86800DC77D0 /* Debug */ = {
			isa = XCBuildConfiguration;
			buildSettings = {
				ALWAYS_EMBED_SWIFT_STANDARD_LIBRARIES = YES;
				CODE_SIGN_STYLE = Automatic;
				CURRENT_PROJECT_VERSION = 1;
				DEVELOPMENT_TEAM = K5F456SABT;
				GENERATE_INFOPLIST_FILE = YES;
				MARKETING_VERSION = 1.0;
				PRODUCT_BUNDLE_IDENTIFIER = com.jobroloff.FirstTankAppUITests;
				PRODUCT_NAME = "$(TARGET_NAME)";
				SWIFT_EMIT_LOC_STRINGS = NO;
				SWIFT_VERSION = 5.0;
				TARGETED_DEVICE_FAMILY = "1,2";
				TEST_TARGET_NAME = FirstTankApp;
			};
			name = Debug;
		};
		CCFB514329AFB86800DC77D0 /* Release */ = {
			isa = XCBuildConfiguration;
			buildSettings = {
				ALWAYS_EMBED_SWIFT_STANDARD_LIBRARIES = YES;
				CODE_SIGN_STYLE = Automatic;
				CURRENT_PROJECT_VERSION = 1;
				DEVELOPMENT_TEAM = K5F456SABT;
				GENERATE_INFOPLIST_FILE = YES;
				MARKETING_VERSION = 1.0;
				PRODUCT_BUNDLE_IDENTIFIER = com.jobroloff.FirstTankAppUITests;
				PRODUCT_NAME = "$(TARGET_NAME)";
				SWIFT_EMIT_LOC_STRINGS = NO;
				SWIFT_VERSION = 5.0;
				TARGETED_DEVICE_FAMILY = "1,2";
				TEST_TARGET_NAME = FirstTankApp;
			};
			name = Release;
		};
/* End XCBuildConfiguration section */

/* Begin XCConfigurationList section */
		CCFB511229AFB86600DC77D0 /* Build configuration list for PBXProject "FirstTankApp" */ = {
			isa = XCConfigurationList;
			buildConfigurations = (
				CCFB513929AFB86800DC77D0 /* Debug */,
				CCFB513A29AFB86800DC77D0 /* Release */,
			);
			defaultConfigurationIsVisible = 0;
			defaultConfigurationName = Release;
		};
		CCFB513B29AFB86800DC77D0 /* Build configuration list for PBXNativeTarget "FirstTankApp" */ = {
			isa = XCConfigurationList;
			buildConfigurations = (
				CCFB513C29AFB86800DC77D0 /* Debug */,
				CCFB513D29AFB86800DC77D0 /* Release */,
			);
			defaultConfigurationIsVisible = 0;
			defaultConfigurationName = Release;
		};
		CCFB513E29AFB86800DC77D0 /* Build configuration list for PBXNativeTarget "FirstTankAppTests" */ = {
			isa = XCConfigurationList;
			buildConfigurations = (
				CCFB513F29AFB86800DC77D0 /* Debug */,
				CCFB514029AFB86800DC77D0 /* Release */,
			);
			defaultConfigurationIsVisible = 0;
			defaultConfigurationName = Release;
		};
		CCFB514129AFB86800DC77D0 /* Build configuration list for PBXNativeTarget "FirstTankAppUITests" */ = {
			isa = XCConfigurationList;
			buildConfigurations = (
				CCFB514229AFB86800DC77D0 /* Debug */,
				CCFB514329AFB86800DC77D0 /* Release */,
			);
			defaultConfigurationIsVisible = 0;
			defaultConfigurationName = Release;
		};
/* End XCConfigurationList section */
	};
	rootObject = CCFB510F29AFB86600DC77D0 /* Project object */;
}
